
Microsoft Visual Studio Solution File, Format Version 12.00
# Visual Studio Version 17
VisualStudioVersion = 17.8.34330.188
MinimumVisualStudioVersion = 10.0.40219.1
Project("{9A19103F-16F7-4668-BE54-9A1E7A4F7556}") = "BlazerWASM.CodeProject", "BlazerWASM.CodeProject\BlazerWASM.CodeProject.csproj", "{45174295-5A8B-4219-BE72-A981F83BC6EB}"
EndProject
Global
	GlobalSection(SolutionConfigurationPlatforms) = preSolution
		Debug|Any CPU = Debug|Any CPU
		Release|Any CPU = Release|Any CPU
	EndGlobalSection
	GlobalSection(ProjectConfigurationPlatforms) = postSolution
		{45174295-5A8B-4219-BE72-A981F83BC6EB}.Debug|Any CPU.ActiveCfg = Debug|Any CPU
		{45174295-5A8B-4219-BE72-A981F83BC6EB}.Debug|Any CPU.Build.0 = Debug|Any CPU
		{45174295-5A8B-4219-BE72-A981F83BC6EB}.Release|Any CPU.ActiveCfg = Release|Any CPU
		{45174295-5A8B-4219-BE72-A981F83BC6EB}.Release|Any CPU.Build.0 = Release|Any CPU
	EndGlobalSection
	GlobalSection(SolutionProperties) = preSolution
		HideSolutionNode = FALSE
	EndGlobalSection
	GlobalSection(ExtensibilityGlobals) = postSolution
		SolutionGuid = {1206E718-56AC-4044-B3C8-1894F2274BB1}
	EndGlobalSection
EndGlobal
